# generated by rye
# use `rye lock` or `rye sync` to update this lockfile
#
# last locked with the following flags:
#   pre: false
#   features: []
#   all-features: true
#   with-sources: false
#   generate-hashes: false
#   universal: false

-e file:.
aiohappyeyeballs==2.6.1
    # via aiohttp
aiohttp==3.12.8
    # via hiddenlayer-sdk
    # via httpx-aiohttp
aiosignal==1.3.2
    # via aiohttp
annotated-types==0.6.0
    # via pydantic
anyio==4.4.0
    # via hiddenlayer-sdk
    # via httpx
async-timeout==5.0.1
    # via aiohttp
attrs==25.3.0
    # via aiohttp
certifi==2023.7.22
    # via httpcore
    # via httpx
    # via requests
charset-normalizer==3.4.2
    # via requests
distro==1.8.0
    # via hiddenlayer-sdk
exceptiongroup==1.2.2
    # via anyio
frozenlist==1.6.2
    # via aiohttp
    # via aiosignal
h11==0.16.0
    # via httpcore
httpcore==1.0.9
    # via httpx
httpx==0.28.1
    # via hiddenlayer-sdk
    # via httpx-aiohttp
httpx-aiohttp==0.1.8
    # via hiddenlayer-sdk
idna==3.4
    # via anyio
    # via httpx
    # via requests
    # via yarl
multidict==6.4.4
    # via aiohttp
    # via yarl
propcache==0.3.1
    # via aiohttp
    # via yarl
pydantic==2.11.9
    # via hiddenlayer-sdk
pydantic-core==2.33.2
    # via pydantic
requests==2.32.4
    # via hiddenlayer
    # via requests-auth
requests-auth==8.0.0
    # via hiddenlayer
sniffio==1.3.0
    # via anyio
    # via hiddenlayer
types-requests==2.32.4.20250611
    # via hiddenlayer
typing-extensions==4.12.2
    # via anyio
    # via hiddenlayer
    # via multidict
    # via pydantic
    # via pydantic-core
    # via typing-inspection
typing-inspection==0.4.1
    # via pydantic
urllib3==2.5.0
    # via requests
    # via types-requests
yarl==1.20.0
    # via aiohttp
